
Microsoft Visual Studio Solution File, Format Version 12.00
# Visual Studio Version 17
VisualStudioVersion = 17.7.34031.279
MinimumVisualStudioVersion = 10.0.40219.1
Project("{8BC9CEB8-8B4A-11D0-8D11-00A0C91BC942}") = "zadaniye5v25", "zadaniye5v25\zadaniye5v25.vcxproj", "{76AD7D61-0322-4061-83E7-D29F4C84FD29}"
EndProject
Global
	GlobalSection(SolutionConfigurationPlatforms) = preSolution
		Debug|x64 = Debug|x64
		Debug|x86 = Debug|x86
		Release|x64 = Release|x64
		Release|x86 = Release|x86
	EndGlobalSection
	GlobalSection(ProjectConfigurationPlatforms) = postSolution
		{76AD7D61-0322-4061-83E7-D29F4C84FD29}.Debug|x64.ActiveCfg = Debug|x64
		{76AD7D61-0322-4061-83E7-D29F4C84FD29}.Debug|x64.Build.0 = Debug|x64
		{76AD7D61-0322-4061-83E7-D29F4C84FD29}.Debug|x86.ActiveCfg = Debug|Win32
		{76AD7D61-0322-4061-83E7-D29F4C84FD29}.Debug|x86.Build.0 = Debug|Win32
		{76AD7D61-0322-4061-83E7-D29F4C84FD29}.Release|x64.ActiveCfg = Release|x64
		{76AD7D61-0322-4061-83E7-D29F4C84FD29}.Release|x64.Build.0 = Release|x64
		{76AD7D61-0322-4061-83E7-D29F4C84FD29}.Release|x86.ActiveCfg = Release|Win32
		{76AD7D61-0322-4061-83E7-D29F4C84FD29}.Release|x86.Build.0 = Release|Win32
	EndGlobalSection
	GlobalSection(SolutionProperties) = preSolution
		HideSolutionNode = FALSE
	EndGlobalSection
	GlobalSection(ExtensibilityGlobals) = postSolution
		SolutionGuid = {A9262F88-2F40-4483-B998-C7AEDB7D7821}
	EndGlobalSection
EndGlobal
